
Microsoft Visual Studio Solution File, Format Version 12.00
# Visual Studio Version 17
VisualStudioVersion = 17.0.31919.166
MinimumVisualStudioVersion = 10.0.40219.1
Project("{FAE04EC0-301F-11D3-BF4B-00C04F79EFBC}") = "ConsoleCalculator", "ConsoleCalculator\ConsoleCalculator.csproj", "{76B32939-7C54-42F1-874A-0F9190479693}"
EndProject
Global
	GlobalSection(SolutionConfigurationPlatforms) = preSolution
		Debug|Any CPU = Debug|Any CPU
		Release|Any CPU = Release|Any CPU
	EndGlobalSection
	GlobalSection(ProjectConfigurationPlatforms) = postSolution
		{76B32939-7C54-42F1-874A-0F9190479693}.Debug|Any CPU.ActiveCfg = Debug|Any CPU
		{76B32939-7C54-42F1-874A-0F9190479693}.Debug|Any CPU.Build.0 = Debug|Any CPU
		{76B32939-7C54-42F1-874A-0F9190479693}.Release|Any CPU.ActiveCfg = Release|Any CPU
		{76B32939-7C54-42F1-874A-0F9190479693}.Release|Any CPU.Build.0 = Release|Any CPU
	EndGlobalSection
	GlobalSection(SolutionProperties) = preSolution
		HideSolutionNode = FALSE
	EndGlobalSection
	GlobalSection(ExtensibilityGlobals) = postSolution
		SolutionGuid = {E18FCDFD-D936-4206-A7C9-E0CA7F0225FB}
	EndGlobalSection
EndGlobal
